
Microsoft Visual Studio Solution File, Format Version 12.00
# Visual Studio Version 16
VisualStudioVersion = 16.0.31624.102
MinimumVisualStudioVersion = 10.0.40219.1
Project("{FAE04EC0-301F-11D3-BF4B-00C04F79EFBC}") = "ShapesEditor", "ShapesEditor.csproj", "{719D6304-7775-428A-A3C1-D500CA09A8C3}"
EndProject
Global
	GlobalSection(SolutionConfigurationPlatforms) = preSolution
		Debug|Any CPU = Debug|Any CPU
		Release|Any CPU = Release|Any CPU
	EndGlobalSection
	GlobalSection(ProjectConfigurationPlatforms) = postSolution
		{719D6304-7775-428A-A3C1-D500CA09A8C3}.Debug|Any CPU.ActiveCfg = Debug|Any CPU
		{719D6304-7775-428A-A3C1-D500CA09A8C3}.Debug|Any CPU.Build.0 = Debug|Any CPU
		{719D6304-7775-428A-A3C1-D500CA09A8C3}.Release|Any CPU.ActiveCfg = Release|Any CPU
		{719D6304-7775-428A-A3C1-D500CA09A8C3}.Release|Any CPU.Build.0 = Release|Any CPU
	EndGlobalSection
	GlobalSection(SolutionProperties) = preSolution
		HideSolutionNode = FALSE
	EndGlobalSection
	GlobalSection(ExtensibilityGlobals) = postSolution
		SolutionGuid = {EA8D0507-BDDC-429C-A18E-0339D03A1F81}
	EndGlobalSection
EndGlobal
